
Microsoft Visual Studio Solution File, Format Version 12.00
# Visual Studio Version 17
VisualStudioVersion = 17.6.33829.357
MinimumVisualStudioVersion = 10.0.40219.1
Project("{FAE04EC0-301F-11D3-BF4B-00C04F79EFBC}") = "MediatRPattern", "MediatRPattern\MediatRPattern.csproj", "{0C935019-B994-4092-BE45-3AA3321BE0A4}"
EndProject
Project("{FAE04EC0-301F-11D3-BF4B-00C04F79EFBC}") = "API", "API\API.csproj", "{23651110-0C61-4F0E-BA80-98B4D836FEB2}"
EndProject
Global
	GlobalSection(SolutionConfigurationPlatforms) = preSolution
		Debug|Any CPU = Debug|Any CPU
		Release|Any CPU = Release|Any CPU
	EndGlobalSection
	GlobalSection(ProjectConfigurationPlatforms) = postSolution
		{0C935019-B994-4092-BE45-3AA3321BE0A4}.Debug|Any CPU.ActiveCfg = Debug|Any CPU
		{0C935019-B994-4092-BE45-3AA3321BE0A4}.Debug|Any CPU.Build.0 = Debug|Any CPU
		{0C935019-B994-4092-BE45-3AA3321BE0A4}.Release|Any CPU.ActiveCfg = Release|Any CPU
		{0C935019-B994-4092-BE45-3AA3321BE0A4}.Release|Any CPU.Build.0 = Release|Any CPU
		{23651110-0C61-4F0E-BA80-98B4D836FEB2}.Debug|Any CPU.ActiveCfg = Debug|Any CPU
		{23651110-0C61-4F0E-BA80-98B4D836FEB2}.Debug|Any CPU.Build.0 = Debug|Any CPU
		{23651110-0C61-4F0E-BA80-98B4D836FEB2}.Release|Any CPU.ActiveCfg = Release|Any CPU
		{23651110-0C61-4F0E-BA80-98B4D836FEB2}.Release|Any CPU.Build.0 = Release|Any CPU
	EndGlobalSection
	GlobalSection(SolutionProperties) = preSolution
		HideSolutionNode = FALSE
	EndGlobalSection
	GlobalSection(ExtensibilityGlobals) = postSolution
		SolutionGuid = {A69E2068-0A7E-43CA-B8EC-3E15CA64E1DA}
	EndGlobalSection
EndGlobal
